
Microsoft Visual Studio Solution File, Format Version 12.00
# Visual Studio Version 17
VisualStudioVersion = 17.7.34031.279
MinimumVisualStudioVersion = 10.0.40219.1
Project("{9A19103F-16F7-4668-BE54-9A1E7A4F7556}") = "HrvojeDapper", "HrvojeDapper\HrvojeDapper.csproj", "{DBD56863-55E2-4C14-ABB7-D0F4EAFCB847}"
EndProject
Project("{FAE04EC0-301F-11D3-BF4B-00C04F79EFBC}") = "DapperRunning", "DapperRunning\DapperRunning.csproj", "{F478635D-E15F-4203-9B1E-3B4503010D0E}"
EndProject
Global
	GlobalSection(SolutionConfigurationPlatforms) = preSolution
		Debug|Any CPU = Debug|Any CPU
		Release|Any CPU = Release|Any CPU
	EndGlobalSection
	GlobalSection(ProjectConfigurationPlatforms) = postSolution
		{DBD56863-55E2-4C14-ABB7-D0F4EAFCB847}.Debug|Any CPU.ActiveCfg = Debug|Any CPU
		{DBD56863-55E2-4C14-ABB7-D0F4EAFCB847}.Debug|Any CPU.Build.0 = Debug|Any CPU
		{DBD56863-55E2-4C14-ABB7-D0F4EAFCB847}.Release|Any CPU.ActiveCfg = Release|Any CPU
		{DBD56863-55E2-4C14-ABB7-D0F4EAFCB847}.Release|Any CPU.Build.0 = Release|Any CPU
		{F478635D-E15F-4203-9B1E-3B4503010D0E}.Debug|Any CPU.ActiveCfg = Debug|Any CPU
		{F478635D-E15F-4203-9B1E-3B4503010D0E}.Debug|Any CPU.Build.0 = Debug|Any CPU
		{F478635D-E15F-4203-9B1E-3B4503010D0E}.Release|Any CPU.ActiveCfg = Release|Any CPU
		{F478635D-E15F-4203-9B1E-3B4503010D0E}.Release|Any CPU.Build.0 = Release|Any CPU
	EndGlobalSection
	GlobalSection(SolutionProperties) = preSolution
		HideSolutionNode = FALSE
	EndGlobalSection
	GlobalSection(ExtensibilityGlobals) = postSolution
		SolutionGuid = {BBAF3794-E09E-404A-89D3-0612EDBC9E07}
	EndGlobalSection
EndGlobal
